
Microsoft Visual Studio Solution File, Format Version 12.00
# Visual Studio Version 16
VisualStudioVersion = 16.0.31205.134
MinimumVisualStudioVersion = 10.0.40219.1
Project("{9A19103F-16F7-4668-BE54-9A1E7A4F7556}") = "SivBiblioteca", "SivBiblioteca\SivBiblioteca.csproj", "{6841317B-AD9B-48DA-990A-0036E601F792}"
EndProject
Project("{9A19103F-16F7-4668-BE54-9A1E7A4F7556}") = "SivUI", "SivUI\SivUI.csproj", "{523659F9-8BAB-470A-AB59-157DD0C139F6}"
EndProject
Global
	GlobalSection(SolutionConfigurationPlatforms) = preSolution
		Debug|Any CPU = Debug|Any CPU
		Debug|x64 = Debug|x64
		Release|Any CPU = Release|Any CPU
		Release|x64 = Release|x64
	EndGlobalSection
	GlobalSection(ProjectConfigurationPlatforms) = postSolution
		{6841317B-AD9B-48DA-990A-0036E601F792}.Debug|Any CPU.ActiveCfg = Debug|Any CPU
		{6841317B-AD9B-48DA-990A-0036E601F792}.Debug|Any CPU.Build.0 = Debug|Any CPU
		{6841317B-AD9B-48DA-990A-0036E601F792}.Debug|x64.ActiveCfg = Debug|Any CPU
		{6841317B-AD9B-48DA-990A-0036E601F792}.Debug|x64.Build.0 = Debug|Any CPU
		{6841317B-AD9B-48DA-990A-0036E601F792}.Release|Any CPU.ActiveCfg = Release|Any CPU
		{6841317B-AD9B-48DA-990A-0036E601F792}.Release|Any CPU.Build.0 = Release|Any CPU
		{6841317B-AD9B-48DA-990A-0036E601F792}.Release|x64.ActiveCfg = Release|x64
		{6841317B-AD9B-48DA-990A-0036E601F792}.Release|x64.Build.0 = Release|x64
		{523659F9-8BAB-470A-AB59-157DD0C139F6}.Debug|Any CPU.ActiveCfg = Debug|Any CPU
		{523659F9-8BAB-470A-AB59-157DD0C139F6}.Debug|Any CPU.Build.0 = Debug|Any CPU
		{523659F9-8BAB-470A-AB59-157DD0C139F6}.Debug|x64.ActiveCfg = Debug|Any CPU
		{523659F9-8BAB-470A-AB59-157DD0C139F6}.Debug|x64.Build.0 = Debug|Any CPU
		{523659F9-8BAB-470A-AB59-157DD0C139F6}.Release|Any CPU.ActiveCfg = Release|Any CPU
		{523659F9-8BAB-470A-AB59-157DD0C139F6}.Release|Any CPU.Build.0 = Release|Any CPU
		{523659F9-8BAB-470A-AB59-157DD0C139F6}.Release|x64.ActiveCfg = Release|Any CPU
		{523659F9-8BAB-470A-AB59-157DD0C139F6}.Release|x64.Build.0 = Release|Any CPU
	EndGlobalSection
	GlobalSection(SolutionProperties) = preSolution
		HideSolutionNode = FALSE
	EndGlobalSection
	GlobalSection(ExtensibilityGlobals) = postSolution
		SolutionGuid = {6C398C7D-A2EA-41BF-AC4F-A9688804947D}
	EndGlobalSection
EndGlobal
